
Microsoft Visual Studio Solution File, Format Version 12.00
# Visual Studio 15
VisualStudioVersion = 15.0.27428.1
MinimumVisualStudioVersion = 10.0.40219.1
Project("{8BC9CEB8-8B4A-11D0-8D11-00A0C91BC942}") = "YourChairisKillingYou", "YourChairisKillingYou\YourChairisKillingYou.vcxproj", "{B4258B6A-19EB-4DE5-AFFC-0824EE81F96C}"
EndProject
Global
	GlobalSection(SolutionConfigurationPlatforms) = preSolution
		Debug|x64 = Debug|x64
		Debug|x86 = Debug|x86
		Release|x64 = Release|x64
		Release|x86 = Release|x86
	EndGlobalSection
	GlobalSection(ProjectConfigurationPlatforms) = postSolution
		{B4258B6A-19EB-4DE5-AFFC-0824EE81F96C}.Debug|x64.ActiveCfg = Debug|x64
		{B4258B6A-19EB-4DE5-AFFC-0824EE81F96C}.Debug|x64.Build.0 = Debug|x64
		{B4258B6A-19EB-4DE5-AFFC-0824EE81F96C}.Debug|x86.ActiveCfg = Debug|Win32
		{B4258B6A-19EB-4DE5-AFFC-0824EE81F96C}.Debug|x86.Build.0 = Debug|Win32
		{B4258B6A-19EB-4DE5-AFFC-0824EE81F96C}.Release|x64.ActiveCfg = Release|x64
		{B4258B6A-19EB-4DE5-AFFC-0824EE81F96C}.Release|x64.Build.0 = Release|x64
		{B4258B6A-19EB-4DE5-AFFC-0824EE81F96C}.Release|x86.ActiveCfg = Release|Win32
		{B4258B6A-19EB-4DE5-AFFC-0824EE81F96C}.Release|x86.Build.0 = Release|Win32
	EndGlobalSection
	GlobalSection(SolutionProperties) = preSolution
		HideSolutionNode = FALSE
	EndGlobalSection
	GlobalSection(ExtensibilityGlobals) = postSolution
		SolutionGuid = {9ECDED37-82BE-4609-BF48-FA1940AAF711}
	EndGlobalSection
EndGlobal
